// !$*UTF8*$!
{
	archiveVersion = 1;
	classes = {
	};
	objectVersion = 46;
	objects = {

/* Begin PBXBuildFile section */
		740BEF4B19EC315400E577A0 /* AppDelegate.swift in Sources */ = {isa = PBXBuildFile; fileRef = 740BEF4A19EC315400E577A0 /* AppDelegate.swift */; };
		740BEF4D19EC315400E577A0 /* FirstViewController.swift in Sources */ = {isa = PBXBuildFile; fileRef = 740BEF4C19EC315400E577A0 /* FirstViewController.swift */; };
		740BEF4F19EC315400E577A0 /* SecondViewController.swift in Sources */ = {isa = PBXBuildFile; fileRef = 740BEF4E19EC315400E577A0 /* SecondViewController.swift */; };
		740BEF5219EC315400E577A0 /* Main.storyboard in Resources */ = {isa = PBXBuildFile; fileRef = 740BEF5019EC315400E577A0 /* Main.storyboard */; };
		740BEF5419EC315400E577A0 /* Images.xcassets in Resources */ = {isa = PBXBuildFile; fileRef = 740BEF5319EC315400E577A0 /* Images.xcassets */; };
		740BEF5719EC315400E577A0 /* LaunchScreen.xib in Resources */ = {isa = PBXBuildFile; fileRef = 740BEF5519EC315400E577A0 /* LaunchScreen.xib */; };
		740BEF6319EC315500E577A0 /* CytubeChat1_0Tests.swift in Sources */ = {isa = PBXBuildFile; fileRef = 740BEF6219EC315500E577A0 /* CytubeChat1_0Tests.swift */; };
		740BEF7419EC317700E577A0 /* base64.c in Sources */ = {isa = PBXBuildFile; fileRef = 740BEF6D19EC317700E577A0 /* base64.c */; };
		740BEF7519EC317700E577A0 /* NSData+SRB64Additions.m in Sources */ = {isa = PBXBuildFile; fileRef = 740BEF7019EC317700E577A0 /* NSData+SRB64Additions.m */; };
		740BEF7619EC317700E577A0 /* SRWebSocket.m in Sources */ = {isa = PBXBuildFile; fileRef = 740BEF7319EC317700E577A0 /* SRWebSocket.m */; };
		740BEF7919EC31FE00E577A0 /* CFNetwork.framework in Frameworks */ = {isa = PBXBuildFile; fileRef = 740BEF7819EC31FE00E577A0 /* CFNetwork.framework */; };
		740BEF7B19EC320700E577A0 /* Foundation.framework in Frameworks */ = {isa = PBXBuildFile; fileRef = 740BEF7A19EC320700E577A0 /* Foundation.framework */; };
		740BEF7D19EC321300E577A0 /* Security.framework in Frameworks */ = {isa = PBXBuildFile; fileRef = 740BEF7C19EC321300E577A0 /* Security.framework */; };
		740BEF7F19EC322000E577A0 /* libicucore.dylib in Frameworks */ = {isa = PBXBuildFile; fileRef = 740BEF7E19EC322000E577A0 /* libicucore.dylib */; };
		740BEF8119EC32BD00E577A0 /* CytubeSocket.swift in Sources */ = {isa = PBXBuildFile; fileRef = 740BEF8019EC32BD00E577A0 /* CytubeSocket.swift */; };
		740BEF8319EC3AD300E577A0 /* CytubeRoom.swift in Sources */ = {isa = PBXBuildFile; fileRef = 740BEF8219EC3AD300E577A0 /* CytubeRoom.swift */; };
		740BEF8519EC6FCF00E577A0 /* RoomManager.swift in Sources */ = {isa = PBXBuildFile; fileRef = 740BEF8419EC6FCF00E577A0 /* RoomManager.swift */; };
		740BEF8719EC857E00E577A0 /* ThirdViewController.swift in Sources */ = {isa = PBXBuildFile; fileRef = 740BEF8619EC857E00E577A0 /* ThirdViewController.swift */; };
/* End PBXBuildFile section */

/* Begin PBXContainerItemProxy section */
		740BEF5D19EC315500E577A0 /* PBXContainerItemProxy */ = {
			isa = PBXContainerItemProxy;
			containerPortal = 740BEF3D19EC315400E577A0 /* Project object */;
			proxyType = 1;
			remoteGlobalIDString = 740BEF4419EC315400E577A0;
			remoteInfo = CytubeChat1.0;
		};
/* End PBXContainerItemProxy section */

/* Begin PBXFileReference section */
		740BEF4519EC315400E577A0 /* CytubeChat1.0.app */ = {isa = PBXFileReference; explicitFileType = wrapper.application; includeInIndex = 0; path = CytubeChat1.0.app; sourceTree = BUILT_PRODUCTS_DIR; };
		740BEF4919EC315400E577A0 /* Info.plist */ = {isa = PBXFileReference; lastKnownFileType = text.plist.xml; path = Info.plist; sourceTree = "<group>"; };
		740BEF4A19EC315400E577A0 /* AppDelegate.swift */ = {isa = PBXFileReference; lastKnownFileType = sourcecode.swift; path = AppDelegate.swift; sourceTree = "<group>"; };
		740BEF4C19EC315400E577A0 /* FirstViewController.swift */ = {isa = PBXFileReference; lastKnownFileType = sourcecode.swift; path = FirstViewController.swift; sourceTree = "<group>"; };
		740BEF4E19EC315400E577A0 /* SecondViewController.swift */ = {isa = PBXFileReference; lastKnownFileType = sourcecode.swift; path = SecondViewController.swift; sourceTree = "<group>"; };
		740BEF5119EC315400E577A0 /* Base */ = {isa = PBXFileReference; lastKnownFileType = file.storyboard; name = Base; path = Base.lproj/Main.storyboard; sourceTree = "<group>"; };
		740BEF5319EC315400E577A0 /* Images.xcassets */ = {isa = PBXFileReference; lastKnownFileType = folder.assetcatalog; path = Images.xcassets; sourceTree = "<group>"; };
		740BEF5619EC315400E577A0 /* Base */ = {isa = PBXFileReference; lastKnownFileType = file.xib; name = Base; path = Base.lproj/LaunchScreen.xib; sourceTree = "<group>"; };
		740BEF5C19EC315500E577A0 /* CytubeChat1.0Tests.xctest */ = {isa = PBXFileReference; explicitFileType = wrapper.cfbundle; includeInIndex = 0; path = CytubeChat1.0Tests.xctest; sourceTree = BUILT_PRODUCTS_DIR; };
		740BEF6119EC315500E577A0 /* Info.plist */ = {isa = PBXFileReference; lastKnownFileType = text.plist.xml; path = Info.plist; sourceTree = "<group>"; };
		740BEF6219EC315500E577A0 /* CytubeChat1_0Tests.swift */ = {isa = PBXFileReference; lastKnownFileType = sourcecode.swift; path = CytubeChat1_0Tests.swift; sourceTree = "<group>"; };
		740BEF6D19EC317700E577A0 /* base64.c */ = {isa = PBXFileReference; fileEncoding = 4; lastKnownFileType = sourcecode.c.c; path = base64.c; sourceTree = "<group>"; };
		740BEF6E19EC317700E577A0 /* base64.h */ = {isa = PBXFileReference; fileEncoding = 4; lastKnownFileType = sourcecode.c.h; path = base64.h; sourceTree = "<group>"; };
		740BEF6F19EC317700E577A0 /* NSData+SRB64Additions.h */ = {isa = PBXFileReference; fileEncoding = 4; lastKnownFileType = sourcecode.c.h; path = "NSData+SRB64Additions.h"; sourceTree = "<group>"; };
		740BEF7019EC317700E577A0 /* NSData+SRB64Additions.m */ = {isa = PBXFileReference; fileEncoding = 4; lastKnownFileType = sourcecode.c.objc; path = "NSData+SRB64Additions.m"; sourceTree = "<group>"; };
		740BEF7119EC317700E577A0 /* SocketRocket-Prefix.pch */ = {isa = PBXFileReference; fileEncoding = 4; lastKnownFileType = sourcecode.c.h; path = "SocketRocket-Prefix.pch"; sourceTree = "<group>"; };
		740BEF7219EC317700E577A0 /* SRWebSocket.h */ = {isa = PBXFileReference; fileEncoding = 4; lastKnownFileType = sourcecode.c.h; path = SRWebSocket.h; sourceTree = "<group>"; };
		740BEF7319EC317700E577A0 /* SRWebSocket.m */ = {isa = PBXFileReference; fileEncoding = 4; lastKnownFileType = sourcecode.c.objc; path = SRWebSocket.m; sourceTree = "<group>"; };
		740BEF7719EC319A00E577A0 /* CytubeChat-Bridging-Header.h */ = {isa = PBXFileReference; fileEncoding = 4; lastKnownFileType = sourcecode.c.h; path = "CytubeChat-Bridging-Header.h"; sourceTree = "<group>"; };
		740BEF7819EC31FE00E577A0 /* CFNetwork.framework */ = {isa = PBXFileReference; lastKnownFileType = wrapper.framework; name = CFNetwork.framework; path = System/Library/Frameworks/CFNetwork.framework; sourceTree = SDKROOT; };
		740BEF7A19EC320700E577A0 /* Foundation.framework */ = {isa = PBXFileReference; lastKnownFileType = wrapper.framework; name = Foundation.framework; path = System/Library/Frameworks/Foundation.framework; sourceTree = SDKROOT; };
		740BEF7C19EC321300E577A0 /* Security.framework */ = {isa = PBXFileReference; lastKnownFileType = wrapper.framework; name = Security.framework; path = System/Library/Frameworks/Security.framework; sourceTree = SDKROOT; };
		740BEF7E19EC322000E577A0 /* libicucore.dylib */ = {isa = PBXFileReference; lastKnownFileType = "compiled.mach-o.dylib"; name = libicucore.dylib; path = usr/lib/libicucore.dylib; sourceTree = SDKROOT; };
		740BEF8019EC32BD00E577A0 /* CytubeSocket.swift */ = {isa = PBXFileReference; fileEncoding = 4; lastKnownFileType = sourcecode.swift; path = CytubeSocket.swift; sourceTree = "<group>"; };
		740BEF8219EC3AD300E577A0 /* CytubeRoom.swift */ = {isa = PBXFileReference; fileEncoding = 4; lastKnownFileType = sourcecode.swift; path = CytubeRoom.swift; sourceTree = "<group>"; };
		740BEF8419EC6FCF00E577A0 /* RoomManager.swift */ = {isa = PBXFileReference; fileEncoding = 4; lastKnownFileType = sourcecode.swift; path = RoomManager.swift; sourceTree = "<group>"; };
		740BEF8619EC857E00E577A0 /* ThirdViewController.swift */ = {isa = PBXFileReference; fileEncoding = 4; lastKnownFileType = sourcecode.swift; path = ThirdViewController.swift; sourceTree = "<group>"; };
/* End PBXFileReference section */

/* Begin PBXFrameworksBuildPhase section */
		740BEF4219EC315400E577A0 /* Frameworks */ = {
			isa = PBXFrameworksBuildPhase;
			buildActionMask = 2147483647;
			files = (
				740BEF7F19EC322000E577A0 /* libicucore.dylib in Frameworks */,
				740BEF7D19EC321300E577A0 /* Security.framework in Frameworks */,
				740BEF7B19EC320700E577A0 /* Foundation.framework in Frameworks */,
				740BEF7919EC31FE00E577A0 /* CFNetwork.framework in Frameworks */,
			);
			runOnlyForDeploymentPostprocessing = 0;
		};
		740BEF5919EC315500E577A0 /* Frameworks */ = {
			isa = PBXFrameworksBuildPhase;
			buildActionMask = 2147483647;
			files = (
			);
			runOnlyForDeploymentPostprocessing = 0;
		};
/* End PBXFrameworksBuildPhase section */

/* Begin PBXGroup section */
		740BEF3C19EC315400E577A0 = {
			isa = PBXGroup;
			children = (
				740BEF7E19EC322000E577A0 /* libicucore.dylib */,
				740BEF7C19EC321300E577A0 /* Security.framework */,
				740BEF7A19EC320700E577A0 /* Foundation.framework */,
				740BEF7819EC31FE00E577A0 /* CFNetwork.framework */,
				740BEF4719EC315400E577A0 /* CytubeChat1.0 */,
				740BEF5F19EC315500E577A0 /* CytubeChat1.0Tests */,
				740BEF4619EC315400E577A0 /* Products */,
			);
			sourceTree = "<group>";
		};
		740BEF4619EC315400E577A0 /* Products */ = {
			isa = PBXGroup;
			children = (
				740BEF4519EC315400E577A0 /* CytubeChat1.0.app */,
				740BEF5C19EC315500E577A0 /* CytubeChat1.0Tests.xctest */,
			);
			name = Products;
			sourceTree = "<group>";
		};
		740BEF4719EC315400E577A0 /* CytubeChat1.0 */ = {
			isa = PBXGroup;
			children = (
				740BEF6C19EC317700E577A0 /* SocketRocket */,
				740BEF8019EC32BD00E577A0 /* CytubeSocket.swift */,
				740BEF8219EC3AD300E577A0 /* CytubeRoom.swift */,
				740BEF4A19EC315400E577A0 /* AppDelegate.swift */,
				740BEF4C19EC315400E577A0 /* FirstViewController.swift */,
				740BEF4E19EC315400E577A0 /* SecondViewController.swift */,
				740BEF8619EC857E00E577A0 /* ThirdViewController.swift */,
				740BEF8419EC6FCF00E577A0 /* RoomManager.swift */,
				740BEF7719EC319A00E577A0 /* CytubeChat-Bridging-Header.h */,
				740BEF5019EC315400E577A0 /* Main.storyboard */,
				740BEF5319EC315400E577A0 /* Images.xcassets */,
				740BEF5519EC315400E577A0 /* LaunchScreen.xib */,
				740BEF4819EC315400E577A0 /* Supporting Files */,
			);
			path = CytubeChat1.0;
			sourceTree = "<group>";
		};
		740BEF4819EC315400E577A0 /* Supporting Files */ = {
			isa = PBXGroup;
			children = (
				740BEF4919EC315400E577A0 /* Info.plist */,
			);
			name = "Supporting Files";
			sourceTree = "<group>";
		};
		740BEF5F19EC315500E577A0 /* CytubeChat1.0Tests */ = {
			isa = PBXGroup;
			children = (
				740BEF6219EC315500E577A0 /* CytubeChat1_0Tests.swift */,
				740BEF6019EC315500E577A0 /* Supporting Files */,
			);
			path = CytubeChat1.0Tests;
			sourceTree = "<group>";
		};
		740BEF6019EC315500E577A0 /* Supporting Files */ = {
			isa = PBXGroup;
			children = (
				740BEF6119EC315500E577A0 /* Info.plist */,
			);
			name = "Supporting Files";
			sourceTree = "<group>";
		};
		740BEF6C19EC317700E577A0 /* SocketRocket */ = {
			isa = PBXGroup;
			children = (
				740BEF6D19EC317700E577A0 /* base64.c */,
				740BEF6E19EC317700E577A0 /* base64.h */,
				740BEF6F19EC317700E577A0 /* NSData+SRB64Additions.h */,
				740BEF7019EC317700E577A0 /* NSData+SRB64Additions.m */,
				740BEF7119EC317700E577A0 /* SocketRocket-Prefix.pch */,
				740BEF7219EC317700E577A0 /* SRWebSocket.h */,
				740BEF7319EC317700E577A0 /* SRWebSocket.m */,
			);
			path = SocketRocket;
			sourceTree = "<group>";
		};
/* End PBXGroup section */

/* Begin PBXNativeTarget section */
		740BEF4419EC315400E577A0 /* CytubeChat1.0 */ = {
			isa = PBXNativeTarget;
			buildConfigurationList = 740BEF6619EC315500E577A0 /* Build configuration list for PBXNativeTarget "CytubeChat1.0" */;
			buildPhases = (
				740BEF4119EC315400E577A0 /* Sources */,
				740BEF4219EC315400E577A0 /* Frameworks */,
				740BEF4319EC315400E577A0 /* Resources */,
			);
			buildRules = (
			);
			dependencies = (
			);
			name = CytubeChat1.0;
			productName = CytubeChat1.0;
			productReference = 740BEF4519EC315400E577A0 /* CytubeChat1.0.app */;
			productType = "com.apple.product-type.application";
		};
		740BEF5B19EC315500E577A0 /* CytubeChat1.0Tests */ = {
			isa = PBXNativeTarget;
			buildConfigurationList = 740BEF6919EC315500E577A0 /* Build configuration list for PBXNativeTarget "CytubeChat1.0Tests" */;
			buildPhases = (
				740BEF5819EC315500E577A0 /* Sources */,
				740BEF5919EC315500E577A0 /* Frameworks */,
				740BEF5A19EC315500E577A0 /* Resources */,
			);
			buildRules = (
			);
			dependencies = (
				740BEF5E19EC315500E577A0 /* PBXTargetDependency */,
			);
			name = CytubeChat1.0Tests;
			productName = CytubeChat1.0Tests;
			productReference = 740BEF5C19EC315500E577A0 /* CytubeChat1.0Tests.xctest */;
			productType = "com.apple.product-type.bundle.unit-test";
		};
/* End PBXNativeTarget section */

/* Begin PBXProject section */
		740BEF3D19EC315400E577A0 /* Project object */ = {
			isa = PBXProject;
			attributes = {
				LastUpgradeCheck = 0600;
				ORGANIZATIONNAME = "Tracy Cage Industries";
				TargetAttributes = {
					740BEF4419EC315400E577A0 = {
						CreatedOnToolsVersion = 6.0.1;
					};
					740BEF5B19EC315500E577A0 = {
						CreatedOnToolsVersion = 6.0.1;
						TestTargetID = 740BEF4419EC315400E577A0;
					};
				};
			};
			buildConfigurationList = 740BEF4019EC315400E577A0 /* Build configuration list for PBXProject "CytubeChat1.0" */;
			compatibilityVersion = "Xcode 3.2";
			developmentRegion = English;
			hasScannedForEncodings = 0;
			knownRegions = (
				en,
				Base,
			);
			mainGroup = 740BEF3C19EC315400E577A0;
			productRefGroup = 740BEF4619EC315400E577A0 /* Products */;
			projectDirPath = "";
			projectRoot = "";
			targets = (
				740BEF4419EC315400E577A0 /* CytubeChat1.0 */,
				740BEF5B19EC315500E577A0 /* CytubeChat1.0Tests */,
			);
		};
/* End PBXProject section */

/* Begin PBXResourcesBuildPhase section */
		740BEF4319EC315400E577A0 /* Resources */ = {
			isa = PBXResourcesBuildPhase;
			buildActionMask = 2147483647;
			files = (
				740BEF5219EC315400E577A0 /* Main.storyboard in Resources */,
				740BEF5719EC315400E577A0 /* LaunchScreen.xib in Resources */,
				740BEF5419EC315400E577A0 /* Images.xcassets in Resources */,
			);
			runOnlyForDeploymentPostprocessing = 0;
		};
		740BEF5A19EC315500E577A0 /* Resources */ = {
			isa = PBXResourcesBuildPhase;
			buildActionMask = 2147483647;
			files = (
			);
			runOnlyForDeploymentPostprocessing = 0;
		};
/* End PBXResourcesBuildPhase section */

/* Begin PBXSourcesBuildPhase section */
		740BEF4119EC315400E577A0 /* Sources */ = {
			isa = PBXSourcesBuildPhase;
			buildActionMask = 2147483647;
			files = (
				740BEF7619EC317700E577A0 /* SRWebSocket.m in Sources */,
				740BEF8519EC6FCF00E577A0 /* RoomManager.swift in Sources */,
				740BEF8719EC857E00E577A0 /* ThirdViewController.swift in Sources */,
				740BEF7519EC317700E577A0 /* NSData+SRB64Additions.m in Sources */,
				740BEF4F19EC315400E577A0 /* SecondViewController.swift in Sources */,
				740BEF4B19EC315400E577A0 /* AppDelegate.swift in Sources */,
				740BEF8319EC3AD300E577A0 /* CytubeRoom.swift in Sources */,
				740BEF7419EC317700E577A0 /* base64.c in Sources */,
				740BEF8119EC32BD00E577A0 /* CytubeSocket.swift in Sources */,
				740BEF4D19EC315400E577A0 /* FirstViewController.swift in Sources */,
			);
			runOnlyForDeploymentPostprocessing = 0;
		};
		740BEF5819EC315500E577A0 /* Sources */ = {
			isa = PBXSourcesBuildPhase;
			buildActionMask = 2147483647;
			files = (
				740BEF6319EC315500E577A0 /* CytubeChat1_0Tests.swift in Sources */,
			);
			runOnlyForDeploymentPostprocessing = 0;
		};
/* End PBXSourcesBuildPhase section */

/* Begin PBXTargetDependency section */
		740BEF5E19EC315500E577A0 /* PBXTargetDependency */ = {
			isa = PBXTargetDependency;
			target = 740BEF4419EC315400E577A0 /* CytubeChat1.0 */;
			targetProxy = 740BEF5D19EC315500E577A0 /* PBXContainerItemProxy */;
		};
/* End PBXTargetDependency section */

/* Begin PBXVariantGroup section */
		740BEF5019EC315400E577A0 /* Main.storyboard */ = {
			isa = PBXVariantGroup;
			children = (
				740BEF5119EC315400E577A0 /* Base */,
			);
			name = Main.storyboard;
			sourceTree = "<group>";
		};
		740BEF5519EC315400E577A0 /* LaunchScreen.xib */ = {
			isa = PBXVariantGroup;
			children = (
				740BEF5619EC315400E577A0 /* Base */,
			);
			name = LaunchScreen.xib;
			sourceTree = "<group>";
		};
/* End PBXVariantGroup section */

/* Begin XCBuildConfiguration section */
		740BEF6419EC315500E577A0 /* Debug */ = {
			isa = XCBuildConfiguration;
			buildSettings = {
				ALWAYS_SEARCH_USER_PATHS = NO;
				CLANG_CXX_LANGUAGE_STANDARD = "gnu++0x";
				CLANG_CXX_LIBRARY = "libc++";
				CLANG_ENABLE_MODULES = YES;
				CLANG_ENABLE_OBJC_ARC = YES;
				CLANG_WARN_BOOL_CONVERSION = YES;
				CLANG_WARN_CONSTANT_CONVERSION = YES;
				CLANG_WARN_DIRECT_OBJC_ISA_USAGE = YES_ERROR;
				CLANG_WARN_EMPTY_BODY = YES;
				CLANG_WARN_ENUM_CONVERSION = YES;
				CLANG_WARN_INT_CONVERSION = YES;
				CLANG_WARN_OBJC_ROOT_CLASS = YES_ERROR;
				CLANG_WARN_UNREACHABLE_CODE = YES;
				CLANG_WARN__DUPLICATE_METHOD_MATCH = YES;
				"CODE_SIGN_IDENTITY[sdk=iphoneos*]" = "iPhone Developer";
				COPY_PHASE_STRIP = NO;
				ENABLE_STRICT_OBJC_MSGSEND = YES;
				GCC_C_LANGUAGE_STANDARD = gnu99;
				GCC_DYNAMIC_NO_PIC = NO;
				GCC_OPTIMIZATION_LEVEL = 0;
				GCC_PREPROCESSOR_DEFINITIONS = (
					"DEBUG=1",
					"$(inherited)",
				);
				GCC_SYMBOLS_PRIVATE_EXTERN = NO;
				GCC_WARN_64_TO_32_BIT_CONVERSION = YES;
				GCC_WARN_ABOUT_RETURN_TYPE = YES_ERROR;
				GCC_WARN_UNDECLARED_SELECTOR = YES;
				GCC_WARN_UNINITIALIZED_AUTOS = YES_AGGRESSIVE;
				GCC_WARN_UNUSED_FUNCTION = YES;
				GCC_WARN_UNUSED_VARIABLE = YES;
				IPHONEOS_DEPLOYMENT_TARGET = 8.0;
				MTL_ENABLE_DEBUG_INFO = YES;
				ONLY_ACTIVE_ARCH = YES;
				SDKROOT = iphoneos;
				SWIFT_OPTIMIZATION_LEVEL = "-Onone";
			};
			name = Debug;
		};
		740BEF6519EC315500E577A0 /* Release */ = {
			isa = XCBuildConfiguration;
			buildSettings = {
				ALWAYS_SEARCH_USER_PATHS = NO;
				CLANG_CXX_LANGUAGE_STANDARD = "gnu++0x";
				CLANG_CXX_LIBRARY = "libc++";
				CLANG_ENABLE_MODULES = YES;
				CLANG_ENABLE_OBJC_ARC = YES;
				CLANG_WARN_BOOL_CONVERSION = YES;
				CLANG_WARN_CONSTANT_CONVERSION = YES;
				CLANG_WARN_DIRECT_OBJC_ISA_USAGE = YES_ERROR;
				CLANG_WARN_EMPTY_BODY = YES;
				CLANG_WARN_ENUM_CONVERSION = YES;
				CLANG_WARN_INT_CONVERSION = YES;
				CLANG_WARN_OBJC_ROOT_CLASS = YES_ERROR;
				CLANG_WARN_UNREACHABLE_CODE = YES;
				CLANG_WARN__DUPLICATE_METHOD_MATCH = YES;
				"CODE_SIGN_IDENTITY[sdk=iphoneos*]" = "iPhone Developer";
				COPY_PHASE_STRIP = YES;
				ENABLE_NS_ASSERTIONS = NO;
				ENABLE_STRICT_OBJC_MSGSEND = YES;
				GCC_C_LANGUAGE_STANDARD = gnu99;
				GCC_WARN_64_TO_32_BIT_CONVERSION = YES;
				GCC_WARN_ABOUT_RETURN_TYPE = YES_ERROR;
				GCC_WARN_UNDECLARED_SELECTOR = YES;
				GCC_WARN_UNINITIALIZED_AUTOS = YES_AGGRESSIVE;
				GCC_WARN_UNUSED_FUNCTION = YES;
				GCC_WARN_UNUSED_VARIABLE = YES;
				IPHONEOS_DEPLOYMENT_TARGET = 8.0;
				MTL_ENABLE_DEBUG_INFO = NO;
				SDKROOT = iphoneos;
				VALIDATE_PRODUCT = YES;
			};
			name = Release;
		};
		740BEF6719EC315500E577A0 /* Debug */ = {
			isa = XCBuildConfiguration;
			buildSettings = {
				ASSETCATALOG_COMPILER_APPICON_NAME = AppIcon;
				INFOPLIST_FILE = CytubeChat1.0/Info.plist;
				LD_RUNPATH_SEARCH_PATHS = "$(inherited) @executable_path/Frameworks";
				PRODUCT_NAME = "$(TARGET_NAME)";
				SWIFT_OBJC_BRIDGING_HEADER = "CytubeChat1.0/CytubeChat-Bridging-Header.h";
			};
			name = Debug;
		};
		740BEF6819EC315500E577A0 /* Release */ = {
			isa = XCBuildConfiguration;
			buildSettings = {
				ASSETCATALOG_COMPILER_APPICON_NAME = AppIcon;
				INFOPLIST_FILE = CytubeChat1.0/Info.plist;
				LD_RUNPATH_SEARCH_PATHS = "$(inherited) @executable_path/Frameworks";
				PRODUCT_NAME = "$(TARGET_NAME)";
				SWIFT_OBJC_BRIDGING_HEADER = "CytubeChat1.0/CytubeChat-Bridging-Header.h";
			};
			name = Release;
		};
		740BEF6A19EC315500E577A0 /* Debug */ = {
			isa = XCBuildConfiguration;
			buildSettings = {
				BUNDLE_LOADER = "$(TEST_HOST)";
				FRAMEWORK_SEARCH_PATHS = (
					"$(SDKROOT)/Developer/Library/Frameworks",
					"$(inherited)",
				);
				GCC_PREPROCESSOR_DEFINITIONS = (
					"DEBUG=1",
					"$(inherited)",
				);
				INFOPLIST_FILE = CytubeChat1.0Tests/Info.plist;
				LD_RUNPATH_SEARCH_PATHS = "$(inherited) @executable_path/Frameworks @loader_path/Frameworks";
				PRODUCT_NAME = "$(TARGET_NAME)";
				TEST_HOST = "$(BUILT_PRODUCTS_DIR)/CytubeChat1.0.app/CytubeChat1.0";
			};
			name = Debug;
		};
		740BEF6B19EC315500E577A0 /* Release */ = {
			isa = XCBuildConfiguration;
			buildSettings = {
				BUNDLE_LOADER = "$(TEST_HOST)";
				FRAMEWORK_SEARCH_PATHS = (
					"$(SDKROOT)/Developer/Library/Frameworks",
					"$(inherited)",
				);
				INFOPLIST_FILE = CytubeChat1.0Tests/Info.plist;
				LD_RUNPATH_SEARCH_PATHS = "$(inherited) @executable_path/Frameworks @loader_path/Frameworks";
				PRODUCT_NAME = "$(TARGET_NAME)";
				TEST_HOST = "$(BUILT_PRODUCTS_DIR)/CytubeChat1.0.app/CytubeChat1.0";
			};
			name = Release;
		};
/* End XCBuildConfiguration section */

/* Begin XCConfigurationList section */
		740BEF4019EC315400E577A0 /* Build configuration list for PBXProject "CytubeChat1.0" */ = {
			isa = XCConfigurationList;
			buildConfigurations = (
				740BEF6419EC315500E577A0 /* Debug */,
				740BEF6519EC315500E577A0 /* Release */,
			);
			defaultConfigurationIsVisible = 0;
			defaultConfigurationName = Release;
		};
		740BEF6619EC315500E577A0 /* Build configuration list for PBXNativeTarget "CytubeChat1.0" */ = {
			isa = XCConfigurationList;
			buildConfigurations = (
				740BEF6719EC315500E577A0 /* Debug */,
				740BEF6819EC315500E577A0 /* Release */,
			);
			defaultConfigurationIsVisible = 0;
		};
		740BEF6919EC315500E577A0 /* Build configuration list for PBXNativeTarget "CytubeChat1.0Tests" */ = {
			isa = XCConfigurationList;
			buildConfigurations = (
				740BEF6A19EC315500E577A0 /* Debug */,
				740BEF6B19EC315500E577A0 /* Release */,
			);
			defaultConfigurationIsVisible = 0;
		};
/* End XCConfigurationList section */
	};
	rootObject = 740BEF3D19EC315400E577A0 /* Project object */;
}
